// !$*UTF8*$!
{
	archiveVersion = 1;
	classes = {
	};
	objectVersion = 55;
	objects = {

/* Begin PBXBuildFile section */
		66ED20B95FFE95580ADEC2EF /* Pods_Yummy.framework in Frameworks */ = {isa = PBXBuildFile; fileRef = 2835413E689B0E189E6F5B46 /* Pods_Yummy.framework */; };
		A15EB42528BF71E100EFCEA9 /* PopularDishCollectionViewCell.swift in Sources */ = {isa = PBXBuildFile; fileRef = A15EB42328BF71E100EFCEA9 /* PopularDishCollectionViewCell.swift */; };
		A15EB42628BF71E100EFCEA9 /* PopularDishCollectionViewCell.xib in Resources */ = {isa = PBXBuildFile; fileRef = A15EB42428BF71E100EFCEA9 /* PopularDishCollectionViewCell.xib */; };
		A15EB42828BF74D500EFCEA9 /* DishStruct.swift in Sources */ = {isa = PBXBuildFile; fileRef = A15EB42728BF74D500EFCEA9 /* DishStruct.swift */; };
		A15EB43128BFB0BE00EFCEA9 /* ChefSpecialsCollectionViewCell.swift in Sources */ = {isa = PBXBuildFile; fileRef = A15EB42F28BFB0BE00EFCEA9 /* ChefSpecialsCollectionViewCell.swift */; };
		A15EB43228BFB0BE00EFCEA9 /* ChefSpecialsCollectionViewCell.xib in Resources */ = {isa = PBXBuildFile; fileRef = A15EB43028BFB0BE00EFCEA9 /* ChefSpecialsCollectionViewCell.xib */; };
		A15EB43528BFD0C000EFCEA9 /* DishDetailsViewController.swift in Sources */ = {isa = PBXBuildFile; fileRef = A15EB43428BFD0C000EFCEA9 /* DishDetailsViewController.swift */; };
		A15EB43728BFD64300EFCEA9 /* UIViewControllerExtention.swift in Sources */ = {isa = PBXBuildFile; fileRef = A15EB43628BFD64300EFCEA9 /* UIViewControllerExtention.swift */; };
		A15EB44028C0108800EFCEA9 /* DishListTableViewCell.swift in Sources */ = {isa = PBXBuildFile; fileRef = A15EB43E28C0108700EFCEA9 /* DishListTableViewCell.swift */; };
		A15EB44128C0108800EFCEA9 /* DishListTableViewCell.xib in Resources */ = {isa = PBXBuildFile; fileRef = A15EB43F28C0108700EFCEA9 /* DishListTableViewCell.xib */; };
		A15EB44428C015A900EFCEA9 /* ListDishesViewController.swift in Sources */ = {isa = PBXBuildFile; fileRef = A15EB44328C015A900EFCEA9 /* ListDishesViewController.swift */; };
		A15EB44728C0BE8600EFCEA9 /* ListOrdersViewController.swift in Sources */ = {isa = PBXBuildFile; fileRef = A15EB44628C0BE8600EFCEA9 /* ListOrdersViewController.swift */; };
		A15EB44928C0C08F00EFCEA9 /* OrderStruct.swift in Sources */ = {isa = PBXBuildFile; fileRef = A15EB44828C0C08F00EFCEA9 /* OrderStruct.swift */; };
		A1B51B0028BD63A30008EA99 /* AppDelegate.swift in Sources */ = {isa = PBXBuildFile; fileRef = A1B51AFF28BD63A30008EA99 /* AppDelegate.swift */; };
		A1B51B0228BD63A30008EA99 /* SceneDelegate.swift in Sources */ = {isa = PBXBuildFile; fileRef = A1B51B0128BD63A30008EA99 /* SceneDelegate.swift */; };
		A1B51B0728BD63A30008EA99 /* Main.storyboard in Resources */ = {isa = PBXBuildFile; fileRef = A1B51B0528BD63A30008EA99 /* Main.storyboard */; };
		A1B51B0928BD63AC0008EA99 /* Assets.xcassets in Resources */ = {isa = PBXBuildFile; fileRef = A1B51B0828BD63AC0008EA99 /* Assets.xcassets */; };
		A1B51B0C28BD63AC0008EA99 /* LaunchScreen.storyboard in Resources */ = {isa = PBXBuildFile; fileRef = A1B51B0A28BD63AC0008EA99 /* LaunchScreen.storyboard */; };
		A1B51B1828BE1B2A0008EA99 /* OnboardingViewController.swift in Sources */ = {isa = PBXBuildFile; fileRef = A1B51B1728BE1B2A0008EA99 /* OnboardingViewController.swift */; };
		A1B51B1B28BE1DD20008EA99 /* UiViewExtention.swift in Sources */ = {isa = PBXBuildFile; fileRef = A1B51B1A28BE1DD20008EA99 /* UiViewExtention.swift */; };
		A1B51B1D28BE248A0008EA99 /* OnboardingSlideStruct.swift in Sources */ = {isa = PBXBuildFile; fileRef = A1B51B1C28BE248A0008EA99 /* OnboardingSlideStruct.swift */; };
		A1B51B1F28BE255A0008EA99 /* OnboardingCollectionViewCell.swift in Sources */ = {isa = PBXBuildFile; fileRef = A1B51B1E28BE255A0008EA99 /* OnboardingCollectionViewCell.swift */; };
		A1B51B4628BE75EE0008EA99 /* HomeViewController.swift in Sources */ = {isa = PBXBuildFile; fileRef = A1B51B4528BE75EE0008EA99 /* HomeViewController.swift */; };
		A1B51B4B28BEB7F20008EA99 /* CatagoryCollectionViewCell.swift in Sources */ = {isa = PBXBuildFile; fileRef = A1B51B4928BEB7F20008EA99 /* CatagoryCollectionViewCell.swift */; };
		A1B51B4C28BEB7F20008EA99 /* CatagoryCollectionViewCell.xib in Resources */ = {isa = PBXBuildFile; fileRef = A1B51B4A28BEB7F20008EA99 /* CatagoryCollectionViewCell.xib */; };
		A1B51B4E28BEB9F80008EA99 /* DishCategoryStruct.swift in Sources */ = {isa = PBXBuildFile; fileRef = A1B51B4D28BEB9F80008EA99 /* DishCategoryStruct.swift */; };
		A1B51B5028BEC0870008EA99 /* StringExtention.swift in Sources */ = {isa = PBXBuildFile; fileRef = A1B51B4F28BEC0860008EA99 /* StringExtention.swift */; };
		A1B51B5328BED0D00008EA99 /* CardView.swift in Sources */ = {isa = PBXBuildFile; fileRef = A1B51B5228BED0D00008EA99 /* CardView.swift */; };
/* End PBXBuildFile section */

/* Begin PBXFileReference section */
		2835413E689B0E189E6F5B46 /* Pods_Yummy.framework */ = {isa = PBXFileReference; explicitFileType = wrapper.framework; includeInIndex = 0; path = Pods_Yummy.framework; sourceTree = BUILT_PRODUCTS_DIR; };
		3C87F332C87146411E43DBC7 /* Pods-Yummy.debug.xcconfig */ = {isa = PBXFileReference; includeInIndex = 1; lastKnownFileType = text.xcconfig; name = "Pods-Yummy.debug.xcconfig"; path = "Target Support Files/Pods-Yummy/Pods-Yummy.debug.xcconfig"; sourceTree = "<group>"; };
		A15EB42328BF71E100EFCEA9 /* PopularDishCollectionViewCell.swift */ = {isa = PBXFileReference; lastKnownFileType = sourcecode.swift; path = PopularDishCollectionViewCell.swift; sourceTree = "<group>"; };
		A15EB42428BF71E100EFCEA9 /* PopularDishCollectionViewCell.xib */ = {isa = PBXFileReference; lastKnownFileType = file.xib; path = PopularDishCollectionViewCell.xib; sourceTree = "<group>"; };
		A15EB42728BF74D500EFCEA9 /* DishStruct.swift */ = {isa = PBXFileReference; lastKnownFileType = sourcecode.swift; path = DishStruct.swift; sourceTree = "<group>"; };
		A15EB42F28BFB0BE00EFCEA9 /* ChefSpecialsCollectionViewCell.swift */ = {isa = PBXFileReference; lastKnownFileType = sourcecode.swift; path = ChefSpecialsCollectionViewCell.swift; sourceTree = "<group>"; };
		A15EB43028BFB0BE00EFCEA9 /* ChefSpecialsCollectionViewCell.xib */ = {isa = PBXFileReference; lastKnownFileType = file.xib; path = ChefSpecialsCollectionViewCell.xib; sourceTree = "<group>"; };
		A15EB43428BFD0C000EFCEA9 /* DishDetailsViewController.swift */ = {isa = PBXFileReference; lastKnownFileType = sourcecode.swift; path = DishDetailsViewController.swift; sourceTree = "<group>"; };
		A15EB43628BFD64300EFCEA9 /* UIViewControllerExtention.swift */ = {isa = PBXFileReference; lastKnownFileType = sourcecode.swift; path = UIViewControllerExtention.swift; sourceTree = "<group>"; };
		A15EB43E28C0108700EFCEA9 /* DishListTableViewCell.swift */ = {isa = PBXFileReference; lastKnownFileType = sourcecode.swift; path = DishListTableViewCell.swift; sourceTree = "<group>"; };
		A15EB43F28C0108700EFCEA9 /* DishListTableViewCell.xib */ = {isa = PBXFileReference; lastKnownFileType = file.xib; path = DishListTableViewCell.xib; sourceTree = "<group>"; };
		A15EB44328C015A900EFCEA9 /* ListDishesViewController.swift */ = {isa = PBXFileReference; lastKnownFileType = sourcecode.swift; path = ListDishesViewController.swift; sourceTree = "<group>"; };
		A15EB44628C0BE8600EFCEA9 /* ListOrdersViewController.swift */ = {isa = PBXFileReference; lastKnownFileType = sourcecode.swift; path = ListOrdersViewController.swift; sourceTree = "<group>"; };
		A15EB44828C0C08F00EFCEA9 /* OrderStruct.swift */ = {isa = PBXFileReference; lastKnownFileType = sourcecode.swift; path = OrderStruct.swift; sourceTree = "<group>"; };
		A1B51AFC28BD63A30008EA99 /* Yummy.app */ = {isa = PBXFileReference; explicitFileType = wrapper.application; includeInIndex = 0; path = Yummy.app; sourceTree = BUILT_PRODUCTS_DIR; };
		A1B51AFF28BD63A30008EA99 /* AppDelegate.swift */ = {isa = PBXFileReference; lastKnownFileType = sourcecode.swift; path = AppDelegate.swift; sourceTree = "<group>"; };
		A1B51B0128BD63A30008EA99 /* SceneDelegate.swift */ = {isa = PBXFileReference; lastKnownFileType = sourcecode.swift; path = SceneDelegate.swift; sourceTree = "<group>"; };
		A1B51B0628BD63A30008EA99 /* Base */ = {isa = PBXFileReference; lastKnownFileType = file.storyboard; name = Base; path = Base.lproj/Main.storyboard; sourceTree = "<group>"; };
		A1B51B0828BD63AC0008EA99 /* Assets.xcassets */ = {isa = PBXFileReference; lastKnownFileType = folder.assetcatalog; path = Assets.xcassets; sourceTree = "<group>"; };
		A1B51B0B28BD63AC0008EA99 /* Base */ = {isa = PBXFileReference; lastKnownFileType = file.storyboard; name = Base; path = Base.lproj/LaunchScreen.storyboard; sourceTree = "<group>"; };
		A1B51B0D28BD63AC0008EA99 /* Info.plist */ = {isa = PBXFileReference; lastKnownFileType = text.plist.xml; path = Info.plist; sourceTree = "<group>"; };
		A1B51B1728BE1B2A0008EA99 /* OnboardingViewController.swift */ = {isa = PBXFileReference; lastKnownFileType = sourcecode.swift; path = OnboardingViewController.swift; sourceTree = "<group>"; };
		A1B51B1A28BE1DD20008EA99 /* UiViewExtention.swift */ = {isa = PBXFileReference; lastKnownFileType = sourcecode.swift; path = UiViewExtention.swift; sourceTree = "<group>"; };
		A1B51B1C28BE248A0008EA99 /* OnboardingSlideStruct.swift */ = {isa = PBXFileReference; lastKnownFileType = sourcecode.swift; path = OnboardingSlideStruct.swift; sourceTree = "<group>"; };
		A1B51B1E28BE255A0008EA99 /* OnboardingCollectionViewCell.swift */ = {isa = PBXFileReference; lastKnownFileType = sourcecode.swift; path = OnboardingCollectionViewCell.swift; sourceTree = "<group>"; };
		A1B51B4528BE75EE0008EA99 /* HomeViewController.swift */ = {isa = PBXFileReference; lastKnownFileType = sourcecode.swift; path = HomeViewController.swift; sourceTree = "<group>"; };
		A1B51B4928BEB7F20008EA99 /* CatagoryCollectionViewCell.swift */ = {isa = PBXFileReference; lastKnownFileType = sourcecode.swift; path = CatagoryCollectionViewCell.swift; sourceTree = "<group>"; };
		A1B51B4A28BEB7F20008EA99 /* CatagoryCollectionViewCell.xib */ = {isa = PBXFileReference; lastKnownFileType = file.xib; path = CatagoryCollectionViewCell.xib; sourceTree = "<group>"; };
		A1B51B4D28BEB9F80008EA99 /* DishCategoryStruct.swift */ = {isa = PBXFileReference; lastKnownFileType = sourcecode.swift; path = DishCategoryStruct.swift; sourceTree = "<group>"; };
		A1B51B4F28BEC0860008EA99 /* StringExtention.swift */ = {isa = PBXFileReference; lastKnownFileType = sourcecode.swift; path = StringExtention.swift; sourceTree = "<group>"; };
		A1B51B5228BED0D00008EA99 /* CardView.swift */ = {isa = PBXFileReference; lastKnownFileType = sourcecode.swift; path = CardView.swift; sourceTree = "<group>"; };
		DD093FCAE95BF551AD0D8F96 /* Pods-Yummy.release.xcconfig */ = {isa = PBXFileReference; includeInIndex = 1; lastKnownFileType = text.xcconfig; name = "Pods-Yummy.release.xcconfig"; path = "Target Support Files/Pods-Yummy/Pods-Yummy.release.xcconfig"; sourceTree = "<group>"; };
/* End PBXFileReference section */

/* Begin PBXFrameworksBuildPhase section */
		A1B51AF928BD63A30008EA99 /* Frameworks */ = {
			isa = PBXFrameworksBuildPhase;
			buildActionMask = 2147483647;
			files = (
				66ED20B95FFE95580ADEC2EF /* Pods_Yummy.framework in Frameworks */,
			);
			runOnlyForDeploymentPostprocessing = 0;
		};
/* End PBXFrameworksBuildPhase section */

/* Begin PBXGroup section */
		05E1623B3AAE7AF8FE5D8052 /* Frameworks */ = {
			isa = PBXGroup;
			children = (
				2835413E689B0E189E6F5B46 /* Pods_Yummy.framework */,
			);
			name = Frameworks;
			sourceTree = "<group>";
		};
		A15EB42228BF71B800EFCEA9 /* PopularDishCollectionViewCell */ = {
			isa = PBXGroup;
			children = (
				A15EB42328BF71E100EFCEA9 /* PopularDishCollectionViewCell.swift */,
				A15EB42428BF71E100EFCEA9 /* PopularDishCollectionViewCell.xib */,
			);
			path = PopularDishCollectionViewCell;
			sourceTree = "<group>";
		};
		A15EB42E28BFB08800EFCEA9 /* ChefSpecialsCollectionViewCell */ = {
			isa = PBXGroup;
			children = (
				A15EB42F28BFB0BE00EFCEA9 /* ChefSpecialsCollectionViewCell.swift */,
				A15EB43028BFB0BE00EFCEA9 /* ChefSpecialsCollectionViewCell.xib */,
			);
			path = ChefSpecialsCollectionViewCell;
			sourceTree = "<group>";
		};
		A15EB43328BFD08700EFCEA9 /* DishDetails */ = {
			isa = PBXGroup;
			children = (
				A15EB43428BFD0C000EFCEA9 /* DishDetailsViewController.swift */,
			);
			path = DishDetails;
			sourceTree = "<group>";
		};
		A15EB43828C00FD200EFCEA9 /* TableViewCells */ = {
			isa = PBXGroup;
			children = (
				A15EB43928C00FFA00EFCEA9 /* DishListTableViewCell */,
			);
			path = TableViewCells;
			sourceTree = "<group>";
		};
		A15EB43928C00FFA00EFCEA9 /* DishListTableViewCell */ = {
			isa = PBXGroup;
			children = (
				A15EB43E28C0108700EFCEA9 /* DishListTableViewCell.swift */,
				A15EB43F28C0108700EFCEA9 /* DishListTableViewCell.xib */,
			);
			path = DishListTableViewCell;
			sourceTree = "<group>";
		};
		A15EB44228C0158000EFCEA9 /* ListDishes */ = {
			isa = PBXGroup;
			children = (
				A15EB44328C015A900EFCEA9 /* ListDishesViewController.swift */,
			);
			path = ListDishes;
			sourceTree = "<group>";
		};
		A15EB44528C0BE6900EFCEA9 /* ListOrders */ = {
			isa = PBXGroup;
			children = (
				A15EB44628C0BE8600EFCEA9 /* ListOrdersViewController.swift */,
			);
			path = ListOrders;
			sourceTree = "<group>";
		};
		A1B51AF328BD63A30008EA99 = {
			isa = PBXGroup;
			children = (
				A1B51AFE28BD63A30008EA99 /* Yummy */,
				A1B51AFD28BD63A30008EA99 /* Products */,
				CD5D6919683333FDF157BD83 /* Pods */,
				05E1623B3AAE7AF8FE5D8052 /* Frameworks */,
			);
			sourceTree = "<group>";
		};
		A1B51AFD28BD63A30008EA99 /* Products */ = {
			isa = PBXGroup;
			children = (
				A1B51AFC28BD63A30008EA99 /* Yummy.app */,
			);
			name = Products;
			sourceTree = "<group>";
		};
		A1B51AFE28BD63A30008EA99 /* Yummy */ = {
			isa = PBXGroup;
			children = (
				A1B51B1928BE1DA90008EA99 /* Extentions */,
				A1B51B1528BE18760008EA99 /* Custom View */,
				A1B51B1428BE186E0008EA99 /* View */,
				A1B51B1328BE18660008EA99 /* Model */,
				A1B51AFF28BD63A30008EA99 /* AppDelegate.swift */,
				A1B51B0128BD63A30008EA99 /* SceneDelegate.swift */,
				A1B51B0528BD63A30008EA99 /* Main.storyboard */,
				A1B51B0828BD63AC0008EA99 /* Assets.xcassets */,
				A1B51B0A28BD63AC0008EA99 /* LaunchScreen.storyboard */,
				A1B51B0D28BD63AC0008EA99 /* Info.plist */,
			);
			path = Yummy;
			sourceTree = "<group>";
		};
		A1B51B1328BE18660008EA99 /* Model */ = {
			isa = PBXGroup;
			children = (
				A1B51B1C28BE248A0008EA99 /* OnboardingSlideStruct.swift */,
				A1B51B4D28BEB9F80008EA99 /* DishCategoryStruct.swift */,
				A15EB42728BF74D500EFCEA9 /* DishStruct.swift */,
				A15EB44828C0C08F00EFCEA9 /* OrderStruct.swift */,
			);
			path = Model;
			sourceTree = "<group>";
		};
		A1B51B1428BE186E0008EA99 /* View */ = {
			isa = PBXGroup;
			children = (
				A15EB44528C0BE6900EFCEA9 /* ListOrders */,
				A15EB44228C0158000EFCEA9 /* ListDishes */,
				A15EB43328BFD08700EFCEA9 /* DishDetails */,
				A1B51B4428BE75D00008EA99 /* Home */,
				A1B51B1628BE187E0008EA99 /* Onboarding */,
			);
			path = View;
			sourceTree = "<group>";
		};
		A1B51B1528BE18760008EA99 /* Custom View */ = {
			isa = PBXGroup;
			children = (
				A15EB43828C00FD200EFCEA9 /* TableViewCells */,
				A1B51B5128BED0B50008EA99 /* CardView */,
				A1B51B4728BEB7970008EA99 /* CollectionViewCells */,
			);
			path = "Custom View";
			sourceTree = "<group>";
		};
		A1B51B1628BE187E0008EA99 /* Onboarding */ = {
			isa = PBXGroup;
			children = (
				A1B51B1728BE1B2A0008EA99 /* OnboardingViewController.swift */,
				A1B51B1E28BE255A0008EA99 /* OnboardingCollectionViewCell.swift */,
			);
			path = Onboarding;
			sourceTree = "<group>";
		};
		A1B51B1928BE1DA90008EA99 /* Extentions */ = {
			isa = PBXGroup;
			children = (
				A1B51B1A28BE1DD20008EA99 /* UiViewExtention.swift */,
				A1B51B4F28BEC0860008EA99 /* StringExtention.swift */,
				A15EB43628BFD64300EFCEA9 /* UIViewControllerExtention.swift */,
			);
			path = Extentions;
			sourceTree = "<group>";
		};
		A1B51B4428BE75D00008EA99 /* Home */ = {
			isa = PBXGroup;
			children = (
				A1B51B4528BE75EE0008EA99 /* HomeViewController.swift */,
			);
			path = Home;
			sourceTree = "<group>";
		};
		A1B51B4728BEB7970008EA99 /* CollectionViewCells */ = {
			isa = PBXGroup;
			children = (
				A15EB42E28BFB08800EFCEA9 /* ChefSpecialsCollectionViewCell */,
				A15EB42228BF71B800EFCEA9 /* PopularDishCollectionViewCell */,
				A1B51B4828BEB7B90008EA99 /* CategoryCollectionViewCell */,
			);
			path = CollectionViewCells;
			sourceTree = "<group>";
		};
		A1B51B4828BEB7B90008EA99 /* CategoryCollectionViewCell */ = {
			isa = PBXGroup;
			children = (
				A1B51B4928BEB7F20008EA99 /* CatagoryCollectionViewCell.swift */,
				A1B51B4A28BEB7F20008EA99 /* CatagoryCollectionViewCell.xib */,
			);
			path = CategoryCollectionViewCell;
			sourceTree = "<group>";
		};
		A1B51B5128BED0B50008EA99 /* CardView */ = {
			isa = PBXGroup;
			children = (
				A1B51B5228BED0D00008EA99 /* CardView.swift */,
			);
			path = CardView;
			sourceTree = "<group>";
		};
		CD5D6919683333FDF157BD83 /* Pods */ = {
			isa = PBXGroup;
			children = (
				3C87F332C87146411E43DBC7 /* Pods-Yummy.debug.xcconfig */,
				DD093FCAE95BF551AD0D8F96 /* Pods-Yummy.release.xcconfig */,
			);
			path = Pods;
			sourceTree = "<group>";
		};
/* End PBXGroup section */

/* Begin PBXNativeTarget section */
		A1B51AFB28BD63A30008EA99 /* Yummy */ = {
			isa = PBXNativeTarget;
			buildConfigurationList = A1B51B1028BD63AC0008EA99 /* Build configuration list for PBXNativeTarget "Yummy" */;
			buildPhases = (
				A2AA4CBF54F9D72968263685 /* [CP] Check Pods Manifest.lock */,
				A1B51AF828BD63A30008EA99 /* Sources */,
				A1B51AF928BD63A30008EA99 /* Frameworks */,
				A1B51AFA28BD63A30008EA99 /* Resources */,
				2ACBABBA736F8EC39511B1F1 /* [CP] Embed Pods Frameworks */,
			);
			buildRules = (
			);
			dependencies = (
			);
			name = Yummy;
			productName = Yummy;
			productReference = A1B51AFC28BD63A30008EA99 /* Yummy.app */;
			productType = "com.apple.product-type.application";
		};
/* End PBXNativeTarget section */

/* Begin PBXProject section */
		A1B51AF428BD63A30008EA99 /* Project object */ = {
			isa = PBXProject;
			attributes = {
				BuildIndependentTargetsInParallel = 1;
				LastSwiftUpdateCheck = 1340;
				LastUpgradeCheck = 1340;
				TargetAttributes = {
					A1B51AFB28BD63A30008EA99 = {
						CreatedOnToolsVersion = 13.4.1;
					};
				};
			};
			buildConfigurationList = A1B51AF728BD63A30008EA99 /* Build configuration list for PBXProject "Yummy" */;
			compatibilityVersion = "Xcode 13.0";
			developmentRegion = en;
			hasScannedForEncodings = 0;
			knownRegions = (
				en,
				Base,
			);
			mainGroup = A1B51AF328BD63A30008EA99;
			productRefGroup = A1B51AFD28BD63A30008EA99 /* Products */;
			projectDirPath = "";
			projectRoot = "";
			targets = (
				A1B51AFB28BD63A30008EA99 /* Yummy */,
			);
		};
/* End PBXProject section */

/* Begin PBXResourcesBuildPhase section */
		A1B51AFA28BD63A30008EA99 /* Resources */ = {
			isa = PBXResourcesBuildPhase;
			buildActionMask = 2147483647;
			files = (
				A1B51B4C28BEB7F20008EA99 /* CatagoryCollectionViewCell.xib in Resources */,
				A15EB44128C0108800EFCEA9 /* DishListTableViewCell.xib in Resources */,
				A1B51B0C28BD63AC0008EA99 /* LaunchScreen.storyboard in Resources */,
				A1B51B0928BD63AC0008EA99 /* Assets.xcassets in Resources */,
				A1B51B0728BD63A30008EA99 /* Main.storyboard in Resources */,
				A15EB43228BFB0BE00EFCEA9 /* ChefSpecialsCollectionViewCell.xib in Resources */,
				A15EB42628BF71E100EFCEA9 /* PopularDishCollectionViewCell.xib in Resources */,
			);
			runOnlyForDeploymentPostprocessing = 0;
		};
/* End PBXResourcesBuildPhase section */

/* Begin PBXShellScriptBuildPhase section */
		2ACBABBA736F8EC39511B1F1 /* [CP] Embed Pods Frameworks */ = {
			isa = PBXShellScriptBuildPhase;
			buildActionMask = 2147483647;
			files = (
			);
			inputFileListPaths = (
				"${PODS_ROOT}/Target Support Files/Pods-Yummy/Pods-Yummy-frameworks-${CONFIGURATION}-input-files.xcfilelist",
			);
			name = "[CP] Embed Pods Frameworks";
			outputFileListPaths = (
				"${PODS_ROOT}/Target Support Files/Pods-Yummy/Pods-Yummy-frameworks-${CONFIGURATION}-output-files.xcfilelist",
			);
			runOnlyForDeploymentPostprocessing = 0;
			shellPath = /bin/sh;
			shellScript = "\"${PODS_ROOT}/Target Support Files/Pods-Yummy/Pods-Yummy-frameworks.sh\"\n";
			showEnvVarsInLog = 0;
		};
		A2AA4CBF54F9D72968263685 /* [CP] Check Pods Manifest.lock */ = {
			isa = PBXShellScriptBuildPhase;
			buildActionMask = 2147483647;
			files = (
			);
			inputFileListPaths = (
			);
			inputPaths = (
				"${PODS_PODFILE_DIR_PATH}/Podfile.lock",
				"${PODS_ROOT}/Manifest.lock",
			);
			name = "[CP] Check Pods Manifest.lock";
			outputFileListPaths = (
			);
			outputPaths = (
				"$(DERIVED_FILE_DIR)/Pods-Yummy-checkManifestLockResult.txt",
			);
			runOnlyForDeploymentPostprocessing = 0;
			shellPath = /bin/sh;
			shellScript = "diff \"${PODS_PODFILE_DIR_PATH}/Podfile.lock\" \"${PODS_ROOT}/Manifest.lock\" > /dev/null\nif [ $? != 0 ] ; then\n    # print error to STDERR\n    echo \"error: The sandbox is not in sync with the Podfile.lock. Run 'pod install' or update your CocoaPods installation.\" >&2\n    exit 1\nfi\n# This output is used by Xcode 'outputs' to avoid re-running this script phase.\necho \"SUCCESS\" > \"${SCRIPT_OUTPUT_FILE_0}\"\n";
			showEnvVarsInLog = 0;
		};
/* End PBXShellScriptBuildPhase section */

/* Begin PBXSourcesBuildPhase section */
		A1B51AF828BD63A30008EA99 /* Sources */ = {
			isa = PBXSourcesBuildPhase;
			buildActionMask = 2147483647;
			files = (
				A15EB44028C0108800EFCEA9 /* DishListTableViewCell.swift in Sources */,
				A15EB44928C0C08F00EFCEA9 /* OrderStruct.swift in Sources */,
				A15EB44728C0BE8600EFCEA9 /* ListOrdersViewController.swift in Sources */,
				A1B51B4B28BEB7F20008EA99 /* CatagoryCollectionViewCell.swift in Sources */,
				A1B51B0028BD63A30008EA99 /* AppDelegate.swift in Sources */,
				A15EB42528BF71E100EFCEA9 /* PopularDishCollectionViewCell.swift in Sources */,
				A1B51B0228BD63A30008EA99 /* SceneDelegate.swift in Sources */,
				A1B51B4E28BEB9F80008EA99 /* DishCategoryStruct.swift in Sources */,
				A15EB43728BFD64300EFCEA9 /* UIViewControllerExtention.swift in Sources */,
				A1B51B1D28BE248A0008EA99 /* OnboardingSlideStruct.swift in Sources */,
				A15EB43128BFB0BE00EFCEA9 /* ChefSpecialsCollectionViewCell.swift in Sources */,
				A15EB43528BFD0C000EFCEA9 /* DishDetailsViewController.swift in Sources */,
				A1B51B1828BE1B2A0008EA99 /* OnboardingViewController.swift in Sources */,
				A1B51B1B28BE1DD20008EA99 /* UiViewExtention.swift in Sources */,
				A15EB42828BF74D500EFCEA9 /* DishStruct.swift in Sources */,
				A1B51B5028BEC0870008EA99 /* StringExtention.swift in Sources */,
				A15EB44428C015A900EFCEA9 /* ListDishesViewController.swift in Sources */,
				A1B51B4628BE75EE0008EA99 /* HomeViewController.swift in Sources */,
				A1B51B5328BED0D00008EA99 /* CardView.swift in Sources */,
				A1B51B1F28BE255A0008EA99 /* OnboardingCollectionViewCell.swift in Sources */,
			);
			runOnlyForDeploymentPostprocessing = 0;
		};
/* End PBXSourcesBuildPhase section */

/* Begin PBXVariantGroup section */
		A1B51B0528BD63A30008EA99 /* Main.storyboard */ = {
			isa = PBXVariantGroup;
			children = (
				A1B51B0628BD63A30008EA99 /* Base */,
			);
			name = Main.storyboard;
			sourceTree = "<group>";
		};
		A1B51B0A28BD63AC0008EA99 /* LaunchScreen.storyboard */ = {
			isa = PBXVariantGroup;
			children = (
				A1B51B0B28BD63AC0008EA99 /* Base */,
			);
			name = LaunchScreen.storyboard;
			sourceTree = "<group>";
		};
/* End PBXVariantGroup section */

/* Begin XCBuildConfiguration section */
		A1B51B0E28BD63AC0008EA99 /* Debug */ = {
			isa = XCBuildConfiguration;
			buildSettings = {
				ALWAYS_SEARCH_USER_PATHS = NO;
				CLANG_ANALYZER_NONNULL = YES;
				CLANG_ANALYZER_NUMBER_OBJECT_CONVERSION = YES_AGGRESSIVE;
				CLANG_CXX_LANGUAGE_STANDARD = "gnu++17";
				CLANG_ENABLE_MODULES = YES;
				CLANG_ENABLE_OBJC_ARC = YES;
				CLANG_ENABLE_OBJC_WEAK = YES;
				CLANG_WARN_BLOCK_CAPTURE_AUTORELEASING = YES;
				CLANG_WARN_BOOL_CONVERSION = YES;
				CLANG_WARN_COMMA = YES;
				CLANG_WARN_CONSTANT_CONVERSION = YES;
				CLANG_WARN_DEPRECATED_OBJC_IMPLEMENTATIONS = YES;
				CLANG_WARN_DIRECT_OBJC_ISA_USAGE = YES_ERROR;
				CLANG_WARN_DOCUMENTATION_COMMENTS = YES;
				CLANG_WARN_EMPTY_BODY = YES;
				CLANG_WARN_ENUM_CONVERSION = YES;
				CLANG_WARN_INFINITE_RECURSION = YES;
				CLANG_WARN_INT_CONVERSION = YES;
				CLANG_WARN_NON_LITERAL_NULL_CONVERSION = YES;
				CLANG_WARN_OBJC_IMPLICIT_RETAIN_SELF = YES;
				CLANG_WARN_OBJC_LITERAL_CONVERSION = YES;
				CLANG_WARN_OBJC_ROOT_CLASS = YES_ERROR;
				CLANG_WARN_QUOTED_INCLUDE_IN_FRAMEWORK_HEADER = YES;
				CLANG_WARN_RANGE_LOOP_ANALYSIS = YES;
				CLANG_WARN_STRICT_PROTOTYPES = YES;
				CLANG_WARN_SUSPICIOUS_MOVE = YES;
				CLANG_WARN_UNGUARDED_AVAILABILITY = YES_AGGRESSIVE;
				CLANG_WARN_UNREACHABLE_CODE = YES;
				CLANG_WARN__DUPLICATE_METHOD_MATCH = YES;
				COPY_PHASE_STRIP = NO;
				DEBUG_INFORMATION_FORMAT = dwarf;
				ENABLE_STRICT_OBJC_MSGSEND = YES;
				ENABLE_TESTABILITY = YES;
				GCC_C_LANGUAGE_STANDARD = gnu11;
				GCC_DYNAMIC_NO_PIC = NO;
				GCC_NO_COMMON_BLOCKS = YES;
				GCC_OPTIMIZATION_LEVEL = 0;
				GCC_PREPROCESSOR_DEFINITIONS = (
					"DEBUG=1",
					"$(inherited)",
				);
				GCC_WARN_64_TO_32_BIT_CONVERSION = YES;
				GCC_WARN_ABOUT_RETURN_TYPE = YES_ERROR;
				GCC_WARN_UNDECLARED_SELECTOR = YES;
				GCC_WARN_UNINITIALIZED_AUTOS = YES_AGGRESSIVE;
				GCC_WARN_UNUSED_FUNCTION = YES;
				GCC_WARN_UNUSED_VARIABLE = YES;
				IPHONEOS_DEPLOYMENT_TARGET = 15.5;
				MTL_ENABLE_DEBUG_INFO = INCLUDE_SOURCE;
				MTL_FAST_MATH = YES;
				ONLY_ACTIVE_ARCH = YES;
				SDKROOT = iphoneos;
				SWIFT_ACTIVE_COMPILATION_CONDITIONS = DEBUG;
				SWIFT_OPTIMIZATION_LEVEL = "-Onone";
			};
			name = Debug;
		};
		A1B51B0F28BD63AC0008EA99 /* Release */ = {
			isa = XCBuildConfiguration;
			buildSettings = {
				ALWAYS_SEARCH_USER_PATHS = NO;
				CLANG_ANALYZER_NONNULL = YES;
				CLANG_ANALYZER_NUMBER_OBJECT_CONVERSION = YES_AGGRESSIVE;
				CLANG_CXX_LANGUAGE_STANDARD = "gnu++17";
				CLANG_ENABLE_MODULES = YES;
				CLANG_ENABLE_OBJC_ARC = YES;
				CLANG_ENABLE_OBJC_WEAK = YES;
				CLANG_WARN_BLOCK_CAPTURE_AUTORELEASING = YES;
				CLANG_WARN_BOOL_CONVERSION = YES;
				CLANG_WARN_COMMA = YES;
				CLANG_WARN_CONSTANT_CONVERSION = YES;
				CLANG_WARN_DEPRECATED_OBJC_IMPLEMENTATIONS = YES;
				CLANG_WARN_DIRECT_OBJC_ISA_USAGE = YES_ERROR;
				CLANG_WARN_DOCUMENTATION_COMMENTS = YES;
				CLANG_WARN_EMPTY_BODY = YES;
				CLANG_WARN_ENUM_CONVERSION = YES;
				CLANG_WARN_INFINITE_RECURSION = YES;
				CLANG_WARN_INT_CONVERSION = YES;
				CLANG_WARN_NON_LITERAL_NULL_CONVERSION = YES;
				CLANG_WARN_OBJC_IMPLICIT_RETAIN_SELF = YES;
				CLANG_WARN_OBJC_LITERAL_CONVERSION = YES;
				CLANG_WARN_OBJC_ROOT_CLASS = YES_ERROR;
				CLANG_WARN_QUOTED_INCLUDE_IN_FRAMEWORK_HEADER = YES;
				CLANG_WARN_RANGE_LOOP_ANALYSIS = YES;
				CLANG_WARN_STRICT_PROTOTYPES = YES;
				CLANG_WARN_SUSPICIOUS_MOVE = YES;
				CLANG_WARN_UNGUARDED_AVAILABILITY = YES_AGGRESSIVE;
				CLANG_WARN_UNREACHABLE_CODE = YES;
				CLANG_WARN__DUPLICATE_METHOD_MATCH = YES;
				COPY_PHASE_STRIP = NO;
				DEBUG_INFORMATION_FORMAT = "dwarf-with-dsym";
				ENABLE_NS_ASSERTIONS = NO;
				ENABLE_STRICT_OBJC_MSGSEND = YES;
				GCC_C_LANGUAGE_STANDARD = gnu11;
				GCC_NO_COMMON_BLOCKS = YES;
				GCC_WARN_64_TO_32_BIT_CONVERSION = YES;
				GCC_WARN_ABOUT_RETURN_TYPE = YES_ERROR;
				GCC_WARN_UNDECLARED_SELECTOR = YES;
				GCC_WARN_UNINITIALIZED_AUTOS = YES_AGGRESSIVE;
				GCC_WARN_UNUSED_FUNCTION = YES;
				GCC_WARN_UNUSED_VARIABLE = YES;
				IPHONEOS_DEPLOYMENT_TARGET = 15.5;
				MTL_ENABLE_DEBUG_INFO = NO;
				MTL_FAST_MATH = YES;
				SDKROOT = iphoneos;
				SWIFT_COMPILATION_MODE = wholemodule;
				SWIFT_OPTIMIZATION_LEVEL = "-O";
				VALIDATE_PRODUCT = YES;
			};
			name = Release;
		};
		A1B51B1128BD63AC0008EA99 /* Debug */ = {
			isa = XCBuildConfiguration;
			baseConfigurationReference = 3C87F332C87146411E43DBC7 /* Pods-Yummy.debug.xcconfig */;
			buildSettings = {
				ASSETCATALOG_COMPILER_APPICON_NAME = AppIcon;
				ASSETCATALOG_COMPILER_GLOBAL_ACCENT_COLOR_NAME = AccentColor;
				CODE_SIGN_STYLE = Automatic;
				CURRENT_PROJECT_VERSION = 1;
				DEVELOPMENT_TEAM = KSQAVXV66T;
				GENERATE_INFOPLIST_FILE = YES;
				INFOPLIST_FILE = Yummy/Info.plist;
				INFOPLIST_KEY_UIApplicationSupportsIndirectInputEvents = YES;
				INFOPLIST_KEY_UILaunchStoryboardName = LaunchScreen;
				INFOPLIST_KEY_UIMainStoryboardFile = Main;
				INFOPLIST_KEY_UISupportedInterfaceOrientations_iPad = "UIInterfaceOrientationPortrait UIInterfaceOrientationPortraitUpsideDown UIInterfaceOrientationLandscapeLeft UIInterfaceOrientationLandscapeRight";
				INFOPLIST_KEY_UISupportedInterfaceOrientations_iPhone = "UIInterfaceOrientationPortrait UIInterfaceOrientationLandscapeLeft UIInterfaceOrientationLandscapeRight";
				LD_RUNPATH_SEARCH_PATHS = (
					"$(inherited)",
					"@executable_path/Frameworks",
				);
				MARKETING_VERSION = 1.0;
				PRODUCT_BUNDLE_IDENTIFIER = youssefedeeb.Yummy;
				PRODUCT_NAME = "$(TARGET_NAME)";
				SWIFT_EMIT_LOC_STRINGS = YES;
				SWIFT_VERSION = 5.0;
				TARGETED_DEVICE_FAMILY = "1,2";
			};
			name = Debug;
		};
		A1B51B1228BD63AC0008EA99 /* Release */ = {
			isa = XCBuildConfiguration;
			baseConfigurationReference = DD093FCAE95BF551AD0D8F96 /* Pods-Yummy.release.xcconfig */;
			buildSettings = {
				ASSETCATALOG_COMPILER_APPICON_NAME = AppIcon;
				ASSETCATALOG_COMPILER_GLOBAL_ACCENT_COLOR_NAME = AccentColor;
				CODE_SIGN_STYLE = Automatic;
				CURRENT_PROJECT_VERSION = 1;
				DEVELOPMENT_TEAM = KSQAVXV66T;
				GENERATE_INFOPLIST_FILE = YES;
				INFOPLIST_FILE = Yummy/Info.plist;
				INFOPLIST_KEY_UIApplicationSupportsIndirectInputEvents = YES;
				INFOPLIST_KEY_UILaunchStoryboardName = LaunchScreen;
				INFOPLIST_KEY_UIMainStoryboardFile = Main;
				INFOPLIST_KEY_UISupportedInterfaceOrientations_iPad = "UIInterfaceOrientationPortrait UIInterfaceOrientationPortraitUpsideDown UIInterfaceOrientationLandscapeLeft UIInterfaceOrientationLandscapeRight";
				INFOPLIST_KEY_UISupportedInterfaceOrientations_iPhone = "UIInterfaceOrientationPortrait UIInterfaceOrientationLandscapeLeft UIInterfaceOrientationLandscapeRight";
				LD_RUNPATH_SEARCH_PATHS = (
					"$(inherited)",
					"@executable_path/Frameworks",
				);
				MARKETING_VERSION = 1.0;
				PRODUCT_BUNDLE_IDENTIFIER = youssefedeeb.Yummy;
				PRODUCT_NAME = "$(TARGET_NAME)";
				SWIFT_EMIT_LOC_STRINGS = YES;
				SWIFT_VERSION = 5.0;
				TARGETED_DEVICE_FAMILY = "1,2";
			};
			name = Release;
		};
/* End XCBuildConfiguration section */

/* Begin XCConfigurationList section */
		A1B51AF728BD63A30008EA99 /* Build configuration list for PBXProject "Yummy" */ = {
			isa = XCConfigurationList;
			buildConfigurations = (
				A1B51B0E28BD63AC0008EA99 /* Debug */,
				A1B51B0F28BD63AC0008EA99 /* Release */,
			);
			defaultConfigurationIsVisible = 0;
			defaultConfigurationName = Release;
		};
		A1B51B1028BD63AC0008EA99 /* Build configuration list for PBXNativeTarget "Yummy" */ = {
			isa = XCConfigurationList;
			buildConfigurations = (
				A1B51B1128BD63AC0008EA99 /* Debug */,
				A1B51B1228BD63AC0008EA99 /* Release */,
			);
			defaultConfigurationIsVisible = 0;
			defaultConfigurationName = Release;
		};
/* End XCConfigurationList section */
	};
	rootObject = A1B51AF428BD63A30008EA99 /* Project object */;
}
